
Microsoft Visual Studio Solution File, Format Version 12.00
# Visual Studio 15
Project("{FAE04EC0-301F-11D3-BF4B-00C04F79EFBC}") = "Assembly-CSharp", "Assembly-CSharp.csproj", "{4B942A2C-CD41-02DB-FF87-C4AD0DD9C09D}"
EndProject
Project("{FAE04EC0-301F-11D3-BF4B-00C04F79EFBC}") = "Assembly-CSharp-firstpass", "Assembly-CSharp-firstpass.csproj", "{84107982-C08B-42EC-C39D-63B6E942EB1A}"
EndProject
Project("{FAE04EC0-301F-11D3-BF4B-00C04F79EFBC}") = "Assembly-CSharp-Editor", "Assembly-CSharp-Editor.csproj", "{17329A4D-C756-842A-55A6-B64D28479251}"
EndProject
Global
	GlobalSection(SolutionConfigurationPlatforms) = preSolution
		Debug|Any CPU = Debug|Any CPU
		Release|Any CPU = Release|Any CPU
	EndGlobalSection
	GlobalSection(ProjectConfigurationPlatforms) = postSolution
		{4B942A2C-CD41-02DB-FF87-C4AD0DD9C09D}.Debug|Any CPU.ActiveCfg = Debug|Any CPU
		{4B942A2C-CD41-02DB-FF87-C4AD0DD9C09D}.Debug|Any CPU.Build.0 = Debug|Any CPU
		{4B942A2C-CD41-02DB-FF87-C4AD0DD9C09D}.Release|Any CPU.ActiveCfg = Release|Any CPU
		{4B942A2C-CD41-02DB-FF87-C4AD0DD9C09D}.Release|Any CPU.Build.0 = Release|Any CPU
		{84107982-C08B-42EC-C39D-63B6E942EB1A}.Debug|Any CPU.ActiveCfg = Debug|Any CPU
		{84107982-C08B-42EC-C39D-63B6E942EB1A}.Debug|Any CPU.Build.0 = Debug|Any CPU
		{84107982-C08B-42EC-C39D-63B6E942EB1A}.Release|Any CPU.ActiveCfg = Release|Any CPU
		{84107982-C08B-42EC-C39D-63B6E942EB1A}.Release|Any CPU.Build.0 = Release|Any CPU
		{17329A4D-C756-842A-55A6-B64D28479251}.Debug|Any CPU.ActiveCfg = Debug|Any CPU
		{17329A4D-C756-842A-55A6-B64D28479251}.Debug|Any CPU.Build.0 = Debug|Any CPU
		{17329A4D-C756-842A-55A6-B64D28479251}.Release|Any CPU.ActiveCfg = Release|Any CPU
		{17329A4D-C756-842A-55A6-B64D28479251}.Release|Any CPU.Build.0 = Release|Any CPU
	EndGlobalSection
	GlobalSection(SolutionProperties) = preSolution
		HideSolutionNode = FALSE
	EndGlobalSection
EndGlobal
